<Project xmlns="http://schemas.microsoft.com/developer/msbuild/2003">
    <PropertyGroup>
        <ProjectGuid>{9CFA742C-A73B-46B4-BA1A-DBA8441A8466}</ProjectGuid>
        <ProjectVersion>18.2</ProjectVersion>
        <FrameworkType>None</FrameworkType>
        <MainSource>gitFileDates.dpr</MainSource>
        <Base>True</Base>
        <Config Condition="'$(Config)'==''">Debug</Config>
        <Platform Condition="'$(Platform)'==''">Win32</Platform>
        <TargetedPlatforms>1</TargetedPlatforms>
        <AppType>Console</AppType>
    </PropertyGroup>
    <PropertyGroup Condition="'$(Config)'=='Base' or '$(Base)'!=''">
        <Base>true</Base>
    </PropertyGroup>
    <PropertyGroup Condition="('$(Platform)'=='Android' and '$(Base)'=='true') or '$(Base_Android)'!=''">
        <Base_Android>true</Base_Android>
        <CfgParent>Base</CfgParent>
        <Base>true</Base>
    </PropertyGroup>
    <PropertyGroup Condition="('$(Platform)'=='iOSDevice32' and '$(Base)'=='true') or '$(Base_iOSDevice32)'!=''">
        <Base_iOSDevice32>true</Base_iOSDevice32>
        <CfgParent>Base</CfgParent>
        <Base>true</Base>
    </PropertyGroup>
    <PropertyGroup Condition="('$(Platform)'=='iOSDevice64' and '$(Base)'=='true') or '$(Base_iOSDevice64)'!=''">
        <Base_iOSDevice64>true</Base_iOSDevice64>
        <CfgParent>Base</CfgParent>
        <Base>true</Base>
    </PropertyGroup>
    <PropertyGroup Condition="('$(Platform)'=='iOSSimulator' and '$(Base)'=='true') or '$(Base_iOSSimulator)'!=''">
        <Base_iOSSimulator>true</Base_iOSSimulator>
        <CfgParent>Base</CfgParent>
        <Base>true</Base>
    </PropertyGroup>
    <PropertyGroup Condition="('$(Platform)'=='OSX32' and '$(Base)'=='true') or '$(Base_OSX32)'!=''">
        <Base_OSX32>true</Base_OSX32>
        <CfgParent>Base</CfgParent>
        <Base>true</Base>
    </PropertyGroup>
    <PropertyGroup Condition="('$(Platform)'=='Win32' and '$(Base)'=='true') or '$(Base_Win32)'!=''">
        <Base_Win32>true</Base_Win32>
        <CfgParent>Base</CfgParent>
        <Base>true</Base>
    </PropertyGroup>
    <PropertyGroup Condition="('$(Platform)'=='Win64' and '$(Base)'=='true') or '$(Base_Win64)'!=''">
        <Base_Win64>true</Base_Win64>
        <CfgParent>Base</CfgParent>
        <Base>true</Base>
    </PropertyGroup>
    <PropertyGroup Condition="'$(Config)'=='Debug' or '$(Cfg_1)'!=''">
        <Cfg_1>true</Cfg_1>
        <CfgParent>Base</CfgParent>
        <Base>true</Base>
    </PropertyGroup>
    <PropertyGroup Condition="('$(Platform)'=='Win32' and '$(Cfg_1)'=='true') or '$(Cfg_1_Win32)'!=''">
        <Cfg_1_Win32>true</Cfg_1_Win32>
        <CfgParent>Cfg_1</CfgParent>
        <Cfg_1>true</Cfg_1>
        <Base>true</Base>
    </PropertyGroup>
    <PropertyGroup Condition="'$(Config)'=='Release' or '$(Cfg_2)'!=''">
        <Cfg_2>true</Cfg_2>
        <CfgParent>Base</CfgParent>
        <Base>true</Base>
    </PropertyGroup>
    <PropertyGroup Condition="'$(Base)'!=''">
        <DCC_Namespace>System;Xml;Data;Datasnap;Web;Soap;$(DCC_Namespace)</DCC_Namespace>
        <SanitizedProjectName>gitFileDates</SanitizedProjectName>
        <DCC_DcuOutput>.\$(Platform)\$(Config)</DCC_DcuOutput>
        <DCC_ExeOutput>.\$(Platform)\$(Config)</DCC_ExeOutput>
        <DCC_E>false</DCC_E>
        <DCC_N>false</DCC_N>
        <DCC_S>false</DCC_S>
        <DCC_F>false</DCC_F>
        <DCC_K>false</DCC_K>
    </PropertyGroup>
    <PropertyGroup Condition="'$(Base_Android)'!=''">
        <Android_LauncherIcon72>$(BDS)\bin\Artwork\Android\FM_LauncherIcon_72x72.png</Android_LauncherIcon72>
        <Android_LauncherIcon96>$(BDS)\bin\Artwork\Android\FM_LauncherIcon_96x96.png</Android_LauncherIcon96>
        <Android_SplashImage960>$(BDS)\bin\Artwork\Android\FM_SplashImage_960x720.png</Android_SplashImage960>
        <Android_LauncherIcon36>$(BDS)\bin\Artwork\Android\FM_LauncherIcon_36x36.png</Android_LauncherIcon36>
        <Android_SplashImage640>$(BDS)\bin\Artwork\Android\FM_SplashImage_640x480.png</Android_SplashImage640>
        <Android_LauncherIcon144>$(BDS)\bin\Artwork\Android\FM_LauncherIcon_144x144.png</Android_LauncherIcon144>
        <Android_SplashImage470>$(BDS)\bin\Artwork\Android\FM_SplashImage_470x320.png</Android_SplashImage470>
        <Android_LauncherIcon48>$(BDS)\bin\Artwork\Android\FM_LauncherIcon_48x48.png</Android_LauncherIcon48>
        <Android_SplashImage426>$(BDS)\bin\Artwork\Android\FM_SplashImage_426x320.png</Android_SplashImage426>
        <EnabledSysJars>android-support-v4.dex.jar;cloud-messaging.dex.jar;fmx.dex.jar;google-analytics-v2.dex.jar;google-play-billing.dex.jar;google-play-licensing.dex.jar;google-play-services.dex.jar</EnabledSysJars>
        <DCC_UsePackage>DBXSqliteDriver;tethering;kbmMemRunDXE8Std;RESTBackendComponents;bindengine;CloudService;bindcompdbx;IndyIPServer;IndySystem;AbbreviaD;fmxFireDAC;FMXTee;soaprtl;DbxCommonDriver;xmlrtl;soapmidas;rtl;DbxClientDriver;IndyIPClient;aurelius;RESTComponents;DBXInterBaseDriver;bindcompfmx;FmxTeeUI;FireDACIBDriver;fmx;dbexpress;IndyCore;dsnap;FireDACCommon;soapserver;FireDACCommonDriver;LockBoxDR;inet;IndyIPCommon;FireDAC;FireDACSqliteDriver;CustomIPTransport;bindcomp;dbxcds;dsnapxml;dbrtl;IndyProtocols;$(DCC_UsePackage)</DCC_UsePackage>
    </PropertyGroup>
    <PropertyGroup Condition="'$(Base_iOSDevice32)'!=''">
        <DCC_UsePackage>DBXSqliteDriver;tethering;RESTBackendComponents;bindengine;CloudService;bindcompdbx;IndyIPServer;IndySystem;AbbreviaD;fmxFireDAC;FMXTee;soaprtl;DbxCommonDriver;xmlrtl;soapmidas;rtl;DbxClientDriver;IndyIPClient;aurelius;RESTComponents;DBXInterBaseDriver;bindcompfmx;FmxTeeUI;FireDACIBDriver;fmx;dbexpress;IndyCore;dsnap;FireDACCommon;soapserver;FireDACCommonDriver;LockBoxDR;inet;IndyIPCommon;FireDAC;FireDACSqliteDriver;CustomIPTransport;bindcomp;dbxcds;dsnapxml;dbrtl;IndyProtocols;fmxase;$(DCC_UsePackage)</DCC_UsePackage>
    </PropertyGroup>
    <PropertyGroup Condition="'$(Base_iOSDevice64)'!=''">
        <DCC_UsePackage>DBXSqliteDriver;tethering;RESTBackendComponents;bindengine;CloudService;bindcompdbx;IndyIPServer;IndySystem;AbbreviaD;fmxFireDAC;FMXTee;soaprtl;DbxCommonDriver;siplibxe;xmlrtl;soapmidas;rtl;DbxClientDriver;IndyIPClient;aurelius;RESTComponents;DBXInterBaseDriver;bindcompfmx;FmxTeeUI;FireDACIBDriver;fmx;dbexpress;IndyCore;dsnap;FireDACCommon;soapserver;FireDACCommonDriver;LockBoxDR;inet;IndyIPCommon;FireDAC;FrameViewer;FireDACSqliteDriver;CustomIPTransport;bindcomp;dbxcds;dsnapxml;dbrtl;IndyProtocols;fmxase;$(DCC_UsePackage)</DCC_UsePackage>
    </PropertyGroup>
    <PropertyGroup Condition="'$(Base_iOSSimulator)'!=''">
        <DCC_UsePackage>DBXSqliteDriver;tethering;kbmMemRunDXE8Std;RESTBackendComponents;bindengine;CloudService;bindcompdbx;IndyIPServer;IndySystem;AbbreviaD;fmxFireDAC;FMXTee;soaprtl;DbxCommonDriver;xmlrtl;soapmidas;rtl;DbxClientDriver;IndyIPClient;aurelius;RESTComponents;DBXInterBaseDriver;bindcompfmx;FmxTeeUI;FireDACIBDriver;fmx;dbexpress;IndyCore;dsnap;FireDACCommon;soapserver;FireDACCommonDriver;LockBoxDR;inet;IndyIPCommon;FireDAC;FireDACSqliteDriver;CustomIPTransport;bindcomp;dbxcds;dsnapxml;dbrtl;IndyProtocols;fmxase;$(DCC_UsePackage)</DCC_UsePackage>
    </PropertyGroup>
    <PropertyGroup Condition="'$(Base_OSX32)'!=''">
        <DCC_ConsoleTarget>true</DCC_ConsoleTarget>
        <DCC_UsePackage>DBXSqliteDriver;tethering;kbmMemRunDXE8Std;RESTBackendComponents;bindengine;CloudService;FireDACMySQLDriver;bindcompdbx;IndyIPServer;IndySystem;AbbreviaD;fmxFireDAC;FMXTee;soaprtl;DbxCommonDriver;xmlrtl;soapmidas;fmxobj;rtl;DbxClientDriver;IndyIPClient;aurelius;RESTComponents;DBXInterBaseDriver;bindcompfmx;inetdb;FmxTeeUI;FireDACIBDriver;fmx;fmxdae;dbexpress;IndyCore;dsnap;FireDACCommon;soapserver;DBXMySQLDriver;FireDACCommonODBC;FireDACCommonDriver;LockBoxDR;inet;IndyIPCommon;FireDAC;FireDACSqliteDriver;FireDACPgDriver;CustomIPTransport;bindcomp;dbxcds;dsnapxml;dbrtl;inetdbxpress;IndyProtocols;fmxase;$(DCC_UsePackage)</DCC_UsePackage>
    </PropertyGroup>
    <PropertyGroup Condition="'$(Base_Win32)'!=''">
        <Debugger_RunParams>/save</Debugger_RunParams>
        <UWP_DelphiLogo150>$(BDS)\bin\Artwork\Windows\UWP\delphi_UwpDefault_150.png</UWP_DelphiLogo150>
        <VerInfo_Keys>CompanyName=;FileDescription=$(MSBuildProjectName);FileVersion=1.0.0.0;InternalName=;LegalCopyright=;LegalTrademarks=;OriginalFilename=;ProgramID=com.embarcadero.$(MSBuildProjectName);ProductName=$(MSBuildProjectName);ProductVersion=1.0.0.0;Comments=</VerInfo_Keys>
        <DCC_ConsoleTarget>true</DCC_ConsoleTarget>
        <DCC_ExeOutput>..\_bin</DCC_ExeOutput>
        <DCC_DcuOutput>..\units</DCC_DcuOutput>
        <DCC_Namespace>Winapi;System.Win;Data.Win;Datasnap.Win;Web.Win;Soap.Win;Xml.Win;Bde;$(DCC_Namespace)</DCC_Namespace>
        <VerInfo_Locale>1033</VerInfo_Locale>
        <UWP_DelphiLogo44>$(BDS)\bin\Artwork\Windows\UWP\delphi_UwpDefault_44.png</UWP_DelphiLogo44>
        <DCC_UsePackage>DBXSqliteDriver;dxSkinBlueprintRS24;dxSpreadSheetConditionalFormattingDialogsRS24;dxPSDBTeeChartRS24;dxPSdxGaugeControlLnkRS24;vquery240;vclactnband;dxSpreadSheetRS24;vclFireDAC;dxDockingRS24;tethering;dxSkinVisualStudio2013BlueRS24;dxPScxTLLnkRS24;dxBarExtItemsRS24;FireDACADSDriver;dxFireDACServerModeRS24;advchartdedxe10;kbmMemRunDXE8Std;JvPluginSystem;dxSkinOffice2007BlackRS24;dxPSTeeChartRS24;NativeExcel;SysToolsDR;advchartdxe10;itcmisc;vcltouch;JvBands;vcldb;svn;dxSkinXmas2008BlueRS24;dxSkinscxSchedulerPainterRS24;JvJans;dxSkinsdxBarPainterRS24;dxSkinOffice2010BlackRS24;dxADOServerModeRS24;JvDotNetCtrls;dacfmx240;dxGDIPlusRS24;ibdacvcl240;dxPSdxDBTVLnkRS24;dxSkinLilianRS24;crcontrols240;tmsexdXE10;dxNavBarRS24;vclx;cxTreeListRS24;dxSkinDevExpressDarkStyleRS24;dxtrmdRS24;wPDF3_XE4_Pack;RESTBackendComponents;dxRibbonRS24;VCLRESTComponents;XMLPartner_PR;cxExportRS24;dxSkinOffice2013LightGrayRS24;cxTreeListdxBarPopupMenuRS24;cxPivotGridChartRS24;dxTabbedMDIRS24;vclie;dxSkinVisualStudio2013LightRS24;bindengine;CloudService;JvHMI;FireDACMySQLDriver;iw14tmsgriddedxe10upd;cxPivotGridOLAPRS24;indy10sbridge240;dxSkinSharpRS24;dxSkinBlackRS24;IWBootstrapD101;dxPSLnksRS24;bindcompdbx;dxSkinCoffeeRS24;IndyIPServer;Intraweb_14_D10_1;iw14tmsxlsdxe10upd;dxSkinsdxRibbonPainterRS24;dxCoreRS24;IndySystem;tmsxlsdXE10;dxSkinOffice2013DarkGrayRS24;dsnapcon;AbbreviaD;FireDACMSAccDriver;fmxFireDAC;vclimg;Jcl;dxBarDBNavRS24;dxSkinDarkSideRS24;log4d;VKDBFR;TMSDiagram;dxSkinOffice2013WhiteRS24;dxPSdxLCLnkRS24;FMXTee;dxPScxExtCommonRS24;dxPScxPivotGridLnkRS24;soaprtl;DbxCommonDriver;siplibxe;JvManagedThreads;xmlrtl;soapmidas;JvTimeFramework;fmxobj;dxSkinMcSkinRS24;sbridge240;rtl;dxLayoutControlRS24;DbxClientDriver;cxGridRS24;dxSkinBlueRS24;dxSpellCheckerRS24;JvSystem;cxLibraryRS24;dxSkinStardustRS24;JvStdCtrls;dxSkinCaramelRS24;GR32_RSXE5;appanalytics;dxSkinsCoreRS24;dxDBXServerModeRS24;dxSkinHighContrastRS24;IndyIPClient;dxMapControlRS24;ibdacfmx240;bindcompvcl;dxPSdxMapControlLnkRS24;dxSkinTheAsphaltWorldRS24;TeeUI;cxPageControlRS24;dxPsPrVwAdvRS24;cxEditorsRS24;dxSkinSevenClassicRS24;JvDocking;VclSmp;cxSchedulerRibbonStyleEventEditorRS24;JvPascalInterpreter;dxSkinPumpkinRS24;JclVcl;aurelius;dxSkinscxPCPainterRS24;dxPSPrVwRibbonRS24;dxSpreadSheetReportDesignerRS24;dxSkinSevenRS24;JvControls;JvPrintPreview;TMSFMXPackPkgDEDXE10;dxdborRS24;dxmdsRS24;dxHttpIndyRequestRS24;RESTComponents;cxSchedulerGridRS24;cxPivotGridRS24;DBXInterBaseDriver;SysToolsDBDR;JvGlobus;svnui;dxdbtrRS24;dxSkinMetropolisRS24;dxSkinMoneyTwinsRS24;dxPScxPCProdRS24;JvMM;unidacfmx240;dxWizardControlRS24;PngComponentsD;bindcompfmx;dxPSdxOCLnkRS24;dxBarExtDBItemsRS24;JvNet;dxPSdxFCLnkRS24;unidacvcl240;inetdb;dxSkinOffice2016ColorfulRS24;VirtualTreesDR;cxSchedulerTreeBrowserRS24;JvAppFrm;FmxTeeUI;OmniThreadLibraryRuntimeXE8;AbbreviaVCLD;FireDACIBDriver;fmx;fmxdae;dxSkinSpringTimeRS24;dxSkinValentineRS24;dxSkinLondonLiquidSkyRS24;unidac240;dxSkinWhiteprintRS24;JvWizards;wPDF4_DX11_Pack;dbexpress;IndyCore;dxSkiniMaginaryRS24;dxTileControlRS24;dxSkinOffice2016DarkRS24;dsnap;dxSkinOffice2007PinkRS24;dxPSdxSpreadSheetLnkRS24;cxDataRS24;FireDACCommon;JvPageComps;JvDB;dxSkinDevExpressStyleRS24;soapserver;dxOfficeCoreRS24;JclDeveloperTools;dac240;dxBarRS24;dxSkinMetropolisDarkRS24;JvCmp;DBXMySQLDriver;dxPSRichEditControlLnkRS24;PascalScript_Core_D24;dxPScxCommonRS24;FireDACCommonODBC;FireDACCommonDriver;LockBoxDR;inet;IndyIPCommon;dxSkinVS2010RS24;JvCustom;vcl;dxSkinSharpPlusRS24;JvXPCtrls;dxPSdxDBOCLnkRS24;dxThemeRS24;GR32_DSGN_RSXE5;dxSkinOffice2007GreenRS24;deltics;TeeDB;FireDAC;dxPScxVGridLnkRS24;dxPScxGridLnkRS24;JvCore;FrameViewer;JvCrypt;FireDACSqliteDriver;FireDACPgDriver;dxSkinOffice2010BlueRS24;ChromeTabs_R;dxServerModeRS24;JvDlgs;JvRuntimeDesign;Tee;dacvcl240;cxSchedulerRS24;vclwinx;dxSkinOffice2007BlueRS24;dxSkinsdxDLPainterRS24;dxPSCoreRS24;CustomIPTransport;vcldsnap;dxSkinGlassOceansRS24;dxRibbonCustomizationFormRS24;dxPScxSchedulerLnkRS24;TMSFMXPackPkgDXE10;SynEditDR;dxSkinDarkRoomRS24;bindcomp;dxSkinFoggyRS24;dxSkinSummer2008RS24;dxorgcRS24;tmswizdXE10;iw14tmsdxe10upd;iw14tmsgriddxe10upd;dxSkinOffice2010SilverRS24;FixInsight_10_1;dxRichEditControlRS24;dxSkinsdxNavBarPainterRS24;dbxcds;DragDropDXE8;adortl;dxSkinSilverRS24;dclGraphicEx140;dxSkinVisualStudio2013DarkRS24;dxComnRS24;cxVerticalGridRS24;dxFlowChartRS24;ibdac240;dsnapxml;dbrtl;inetdbxpress;IndyProtocols;dxSkinOffice2007SilverRS24;dxGaugeControlRS24;dxSkinLiquidSkyRS24;JclContainers;tmsdXE10;fmxase;$(DCC_UsePackage)</DCC_UsePackage>
        <BT_BuildType>Debug</BT_BuildType>
        <Manifest_File>(Ohne)</Manifest_File>
    </PropertyGroup>
    <PropertyGroup Condition="'$(Base_Win64)'!=''">
        <UWP_DelphiLogo150>$(BDS)\bin\Artwork\Windows\UWP\delphi_UwpDefault_150.png</UWP_DelphiLogo150>
        <DCC_ConsoleTarget>true</DCC_ConsoleTarget>
        <UWP_DelphiLogo44>$(BDS)\bin\Artwork\Windows\UWP\delphi_UwpDefault_44.png</UWP_DelphiLogo44>
        <DCC_UsePackage>DBXSqliteDriver;dxSkinBlueprintRS24;dxSpreadSheetConditionalFormattingDialogsRS24;dxPSDBTeeChartRS24;dxPSdxGaugeControlLnkRS24;vclactnband;dxSpreadSheetRS24;vclFireDAC;dxDockingRS24;tethering;dxSkinVisualStudio2013BlueRS24;dxPScxTLLnkRS24;dxBarExtItemsRS24;FireDACADSDriver;dxFireDACServerModeRS24;dxSkinOffice2007BlackRS24;dxPSTeeChartRS24;NativeExcel;SysToolsDR;vcltouch;vcldb;dxSkinXmas2008BlueRS24;dxSkinscxSchedulerPainterRS24;dxSkinsdxBarPainterRS24;dxSkinOffice2010BlackRS24;dxADOServerModeRS24;dxGDIPlusRS24;dxPSdxDBTVLnkRS24;dxSkinLilianRS24;tmsexdXE10;dxNavBarRS24;vclx;cxTreeListRS24;dxSkinDevExpressDarkStyleRS24;dxtrmdRS24;RESTBackendComponents;dxRibbonRS24;VCLRESTComponents;cxExportRS24;dxSkinOffice2013LightGrayRS24;cxTreeListdxBarPopupMenuRS24;cxPivotGridChartRS24;dxTabbedMDIRS24;vclie;dxSkinVisualStudio2013LightRS24;bindengine;CloudService;FireDACMySQLDriver;cxPivotGridOLAPRS24;dxSkinSharpRS24;dxSkinBlackRS24;dxPSLnksRS24;bindcompdbx;dxSkinCoffeeRS24;IndyIPServer;dxSkinsdxRibbonPainterRS24;dxCoreRS24;IndySystem;dxSkinOffice2013DarkGrayRS24;dsnapcon;AbbreviaD;FireDACMSAccDriver;fmxFireDAC;vclimg;dxBarDBNavRS24;dxSkinDarkSideRS24;TMSDiagram;dxSkinOffice2013WhiteRS24;dxPSdxLCLnkRS24;FMXTee;dxPScxExtCommonRS24;dxPScxPivotGridLnkRS24;soaprtl;DbxCommonDriver;xmlrtl;soapmidas;fmxobj;dxSkinMcSkinRS24;rtl;dxLayoutControlRS24;DbxClientDriver;cxGridRS24;dxSkinBlueRS24;dxSpellCheckerRS24;cxLibraryRS24;dxSkinStardustRS24;dxSkinCaramelRS24;appanalytics;dxSkinsCoreRS24;dxDBXServerModeRS24;dxSkinHighContrastRS24;IndyIPClient;dxMapControlRS24;bindcompvcl;dxPSdxMapControlLnkRS24;dxSkinTheAsphaltWorldRS24;TeeUI;cxPageControlRS24;dxPsPrVwAdvRS24;cxEditorsRS24;dxSkinSevenClassicRS24;VclSmp;cxSchedulerRibbonStyleEventEditorRS24;dxSkinPumpkinRS24;aurelius;dxSkinscxPCPainterRS24;dxPSPrVwRibbonRS24;dxSpreadSheetReportDesignerRS24;dxSkinSevenRS24;dxdborRS24;dxmdsRS24;dxHttpIndyRequestRS24;RESTComponents;cxSchedulerGridRS24;cxPivotGridRS24;DBXInterBaseDriver;SysToolsDBDR;dxdbtrRS24;dxSkinMetropolisRS24;dxSkinMoneyTwinsRS24;dxPScxPCProdRS24;dxWizardControlRS24;PngComponentsD;bindcompfmx;dxPSdxOCLnkRS24;dxBarExtDBItemsRS24;dxPSdxFCLnkRS24;inetdb;dxSkinOffice2016ColorfulRS24;VirtualTreesDR;cxSchedulerTreeBrowserRS24;FmxTeeUI;AbbreviaVCLD;FireDACIBDriver;fmx;fmxdae;dxSkinSpringTimeRS24;dxSkinValentineRS24;dxSkinLondonLiquidSkyRS24;dxSkinWhiteprintRS24;dbexpress;IndyCore;dxSkiniMaginaryRS24;dxTileControlRS24;dxSkinOffice2016DarkRS24;dsnap;dxSkinOffice2007PinkRS24;dxPSdxSpreadSheetLnkRS24;cxDataRS24;FireDACCommon;dxSkinDevExpressStyleRS24;soapserver;dxOfficeCoreRS24;dxBarRS24;dxSkinMetropolisDarkRS24;DBXMySQLDriver;dxPSRichEditControlLnkRS24;PascalScript_Core_D24;dxPScxCommonRS24;FireDACCommonODBC;FireDACCommonDriver;LockBoxDR;inet;IndyIPCommon;dxSkinVS2010RS24;vcl;dxSkinSharpPlusRS24;dxPSdxDBOCLnkRS24;dxThemeRS24;dxSkinOffice2007GreenRS24;TeeDB;FireDAC;dxPScxVGridLnkRS24;dxPScxGridLnkRS24;FireDACSqliteDriver;FireDACPgDriver;dxSkinOffice2010BlueRS24;dxServerModeRS24;Tee;cxSchedulerRS24;vclwinx;dxSkinOffice2007BlueRS24;dxSkinsdxDLPainterRS24;dxPSCoreRS24;CustomIPTransport;vcldsnap;dxSkinGlassOceansRS24;dxRibbonCustomizationFormRS24;dxPScxSchedulerLnkRS24;SynEditDR;dxSkinDarkRoomRS24;bindcomp;dxSkinFoggyRS24;dxSkinSummer2008RS24;dxorgcRS24;dxSkinOffice2010SilverRS24;dxRichEditControlRS24;dxSkinsdxNavBarPainterRS24;dbxcds;DragDropDXE8;adortl;dxSkinSilverRS24;dxSkinVisualStudio2013DarkRS24;dxComnRS24;cxVerticalGridRS24;dxFlowChartRS24;dsnapxml;dbrtl;inetdbxpress;IndyProtocols;dxSkinOffice2007SilverRS24;dxGaugeControlRS24;dxSkinLiquidSkyRS24;tmsdXE10;fmxase;$(DCC_UsePackage)</DCC_UsePackage>
    </PropertyGroup>
    <PropertyGroup Condition="'$(Cfg_1)'!=''">
        <DCC_Define>DEBUG;$(DCC_Define)</DCC_Define>
        <DCC_DebugDCUs>true</DCC_DebugDCUs>
        <DCC_Optimize>false</DCC_Optimize>
        <DCC_GenerateStackFrames>true</DCC_GenerateStackFrames>
        <DCC_DebugInfoInExe>true</DCC_DebugInfoInExe>
        <DCC_RemoteDebug>true</DCC_RemoteDebug>
    </PropertyGroup>
    <PropertyGroup Condition="'$(Cfg_1_Win32)'!=''">
        <Debugger_RunParams> /dir t:\_work\emil\source\ /apply</Debugger_RunParams>
        <VerInfo_Locale>1033</VerInfo_Locale>
        <DCC_RemoteDebug>false</DCC_RemoteDebug>
    </PropertyGroup>
    <PropertyGroup Condition="'$(Cfg_2)'!=''">
        <DCC_LocalDebugSymbols>false</DCC_LocalDebugSymbols>
        <DCC_Define>RELEASE;$(DCC_Define)</DCC_Define>
        <DCC_SymbolReferenceInfo>0</DCC_SymbolReferenceInfo>
        <DCC_DebugInformation>0</DCC_DebugInformation>
    </PropertyGroup>
    <ItemGroup>
        <DelphiCompile Include="$(MainSource)">
            <MainSource>MainSource</MainSource>
        </DelphiCompile>
        <BuildConfiguration Include="Release">
            <Key>Cfg_2</Key>
            <CfgParent>Base</CfgParent>
        </BuildConfiguration>
        <BuildConfiguration Include="Base">
            <Key>Base</Key>
        </BuildConfiguration>
        <BuildConfiguration Include="Debug">
            <Key>Cfg_1</Key>
            <CfgParent>Base</CfgParent>
        </BuildConfiguration>
    </ItemGroup>
    <ProjectExtensions>
        <Borland.Personality>Delphi.Personality.12</Borland.Personality>
        <Borland.ProjectType>Application</Borland.ProjectType>
        <BorlandProject>
            <Delphi.Personality>
                <Source>
                    <Source Name="MainSource">gitFileDates.dpr</Source>
                </Source>
                <Excluded_Packages>
                    <Excluded_Packages Name="$(BDSBIN)\dcloffice2k240.bpl">Microsoft Office 2000 Beispiele für gekapselte Komponenten für Automatisierungsserver</Excluded_Packages>
                    <Excluded_Packages Name="$(BDSBIN)\dclofficexp240.bpl">Microsoft Office XP Beispiele für gekapselte Komponenten für Automation Server</Excluded_Packages>
                </Excluded_Packages>
            </Delphi.Personality>
            <Deployment Version="3">
                <DeployFile LocalName="$(BDS)\Redist\osx32\libcgunwind.1.0.dylib" Class="DependencyModule">
                    <Platform Name="OSX32">
                        <Overwrite>true</Overwrite>
                    </Platform>
                </DeployFile>
                <DeployFile LocalName="$(BDS)\Redist\iossimulator\libcgunwind.1.0.dylib" Class="DependencyModule">
                    <Platform Name="iOSSimulator">
                        <Overwrite>true</Overwrite>
                    </Platform>
                </DeployFile>
                <DeployFile LocalName="$(BDS)\Redist\iossimulator\libPCRE.dylib" Class="DependencyModule">
                    <Platform Name="iOSSimulator">
                        <Overwrite>true</Overwrite>
                    </Platform>
                </DeployFile>
                <DeployFile LocalName="$(BDS)\Redist\osx32\libcgsqlite3.dylib" Class="DependencyModule">
                    <Platform Name="OSX32">
                        <Overwrite>true</Overwrite>
                    </Platform>
                </DeployFile>
                <DeployFile LocalName="..\_bin\gitFileDates.exe" Configuration="Debug" Class="ProjectOutput">
                    <Platform Name="Win32">
                        <RemoteName>gitFileDates.exe</RemoteName>
                        <Overwrite>true</Overwrite>
                    </Platform>
                </DeployFile>
                <DeployClass Name="DependencyModule">
                    <Platform Name="Win32">
                        <Operation>0</Operation>
                        <Extensions>.dll;.bpl</Extensions>
                    </Platform>
                    <Platform Name="iOSDevice64">
                        <Operation>1</Operation>
                        <Extensions>.dylib</Extensions>
                    </Platform>
                    <Platform Name="OSX32">
                        <RemoteDir>Contents\MacOS</RemoteDir>
                        <Operation>1</Operation>
                        <Extensions>.dylib</Extensions>
                    </Platform>
                    <Platform Name="iOSDevice32">
                        <Operation>1</Operation>
                        <Extensions>.dylib</Extensions>
                    </Platform>
                    <Platform Name="iOSSimulator">
                        <Operation>1</Operation>
                        <Extensions>.dylib</Extensions>
                    </Platform>
                </DeployClass>
                <DeployClass Name="ProjectOSXResource">
                    <Platform Name="OSX32">
                        <RemoteDir>Contents\Resources</RemoteDir>
                        <Operation>1</Operation>
                    </Platform>
                </DeployClass>
                <DeployClass Name="AndroidClassesDexFile">
                    <Platform Name="Android">
                        <RemoteDir>classes</RemoteDir>
                        <Operation>1</Operation>
                    </Platform>
                </DeployClass>
                <DeployClass Name="AdditionalDebugSymbols">
                    <Platform Name="Win32">
                        <RemoteDir>Contents\MacOS</RemoteDir>
                        <Operation>0</Operation>
                    </Platform>
                    <Platform Name="iOSSimulator">
                        <Operation>1</Operation>
                    </Platform>
                    <Platform Name="OSX32">
                        <RemoteDir>Contents\MacOS</RemoteDir>
                        <Operation>1</Operation>
                    </Platform>
                </DeployClass>
                <DeployClass Name="iPad_Launch768">
                    <Platform Name="iOSSimulator">
                        <Operation>1</Operation>
                    </Platform>
                    <Platform Name="iOSDevice64">
                        <Operation>1</Operation>
                    </Platform>
                    <Platform Name="iOSDevice32">
                        <Operation>1</Operation>
                    </Platform>
                </DeployClass>
                <DeployClass Name="Android_LauncherIcon144">
                    <Platform Name="Android">
                        <RemoteDir>res\drawable-xxhdpi</RemoteDir>
                        <Operation>1</Operation>
                    </Platform>
                </DeployClass>
                <DeployClass Name="AndroidLibnativeMipsFile">
                    <Platform Name="Android">
                        <RemoteDir>library\lib\mips</RemoteDir>
                        <Operation>1</Operation>
                    </Platform>
                </DeployClass>
                <DeployClass Required="true" Name="ProjectOutput">
                    <Platform Name="iOSDevice64">
                        <Operation>1</Operation>
                    </Platform>
                    <Platform Name="iOSDevice32">
                        <Operation>1</Operation>
                    </Platform>
                    <Platform Name="Win32">
                        <Operation>0</Operation>
                    </Platform>
                    <Platform Name="Linux64">
                        <Operation>1</Operation>
                    </Platform>
                    <Platform Name="OSX32">
                        <RemoteDir>Contents\MacOS</RemoteDir>
                        <Operation>1</Operation>
                    </Platform>
                    <Platform Name="Android">
                        <RemoteDir>library\lib\armeabi-v7a</RemoteDir>
                        <Operation>1</Operation>
                    </Platform>
                    <Platform Name="iOSSimulator">
                        <Operation>1</Operation>
                    </Platform>
                </DeployClass>
                <DeployClass Name="DependencyFramework">
                    <Platform Name="Win32">
                        <Operation>0</Operation>
                    </Platform>
                    <Platform Name="OSX32">
                        <RemoteDir>Contents\MacOS</RemoteDir>
                        <Operation>1</Operation>
                        <Extensions>.framework</Extensions>
                    </Platform>
                </DeployClass>
                <DeployClass Name="ProjectUWPManifest">
                    <Platform Name="Win32">
                        <Operation>1</Operation>
                    </Platform>
                    <Platform Name="Win64">
                        <Operation>1</Operation>
                    </Platform>
                </DeployClass>
                <DeployClass Name="iPhone_Launch640">
                    <Platform Name="iOSSimulator">
                        <Operation>1</Operation>
                    </Platform>
                    <Platform Name="iOSDevice64">
                        <Operation>1</Operation>
                    </Platform>
                    <Platform Name="iOSDevice32">
                        <Operation>1</Operation>
                    </Platform>
                </DeployClass>
                <DeployClass Name="iPad_Launch1024">
                    <Platform Name="iOSSimulator">
                        <Operation>1</Operation>
                    </Platform>
                    <Platform Name="iOSDevice64">
                        <Operation>1</Operation>
                    </Platform>
                    <Platform Name="iOSDevice32">
                        <Operation>1</Operation>
                    </Platform>
                </DeployClass>
                <DeployClass Name="ProjectiOSDeviceDebug">
                    <Platform Name="iOSDevice64">
                        <RemoteDir>..\$(PROJECTNAME).app.dSYM\Contents\Resources\DWARF</RemoteDir>
                        <Operation>1</Operation>
                    </Platform>
                    <Platform Name="iOSDevice32">
                        <RemoteDir>..\$(PROJECTNAME).app.dSYM\Contents\Resources\DWARF</RemoteDir>
                        <Operation>1</Operation>
                    </Platform>
                </DeployClass>
                <DeployClass Name="iPhone_Launch320">
                    <Platform Name="iOSSimulator">
                        <Operation>1</Operation>
                    </Platform>
                    <Platform Name="iOSDevice64">
                        <Operation>1</Operation>
                    </Platform>
                    <Platform Name="iOSDevice32">
                        <Operation>1</Operation>
                    </Platform>
                </DeployClass>
                <DeployClass Name="ProjectiOSInfoPList">
                    <Platform Name="iOSSimulator">
                        <Operation>1</Operation>
                    </Platform>
                    <Platform Name="iOSDevice64">
                        <Operation>1</Operation>
                    </Platform>
                    <Platform Name="iOSDevice32">
                        <Operation>1</Operation>
                    </Platform>
                </DeployClass>
                <DeployClass Name="AndroidLibnativeArmeabiFile">
                    <Platform Name="Android">
                        <RemoteDir>library\lib\armeabi</RemoteDir>
                        <Operation>1</Operation>
                    </Platform>
                </DeployClass>
                <DeployClass Name="DebugSymbols">
                    <Platform Name="Win32">
                        <Operation>0</Operation>
                    </Platform>
                    <Platform Name="iOSSimulator">
                        <Operation>1</Operation>
                    </Platform>
                    <Platform Name="OSX32">
                        <RemoteDir>Contents\MacOS</RemoteDir>
                        <Operation>1</Operation>
                    </Platform>
                </DeployClass>
                <DeployClass Name="iPad_Launch1536">
                    <Platform Name="iOSSimulator">
                        <Operation>1</Operation>
                    </Platform>
                    <Platform Name="iOSDevice64">
                        <Operation>1</Operation>
                    </Platform>
                    <Platform Name="iOSDevice32">
                        <Operation>1</Operation>
                    </Platform>
                </DeployClass>
                <DeployClass Name="Android_SplashImage470">
                    <Platform Name="Android">
                        <RemoteDir>res\drawable-normal</RemoteDir>
                        <Operation>1</Operation>
                    </Platform>
                </DeployClass>
                <DeployClass Name="Android_LauncherIcon96">
                    <Platform Name="Android">
                        <RemoteDir>res\drawable-xhdpi</RemoteDir>
                        <Operation>1</Operation>
                    </Platform>
                </DeployClass>
                <DeployClass Name="Android_SplashImage640">
                    <Platform Name="Android">
                        <RemoteDir>res\drawable-large</RemoteDir>
                        <Operation>1</Operation>
                    </Platform>
                </DeployClass>
                <DeployClass Name="iPhone_Launch640x1136">
                    <Platform Name="iOSSimulator">
                        <Operation>1</Operation>
                    </Platform>
                    <Platform Name="iOSDevice64">
                        <Operation>1</Operation>
                    </Platform>
                    <Platform Name="iOSDevice32">
                        <Operation>1</Operation>
                    </Platform>
                </DeployClass>
                <DeployClass Name="UWP_DelphiLogo44">
                    <Platform Name="Win32">
                        <RemoteDir>Assets</RemoteDir>
                        <Operation>1</Operation>
                    </Platform>
                    <Platform Name="Win64">
                        <RemoteDir>Assets</RemoteDir>
                        <Operation>1</Operation>
                    </Platform>
                </DeployClass>
                <DeployClass Name="ProjectiOSEntitlements">
                    <Platform Name="iOSDevice64">
                        <RemoteDir>..\</RemoteDir>
                        <Operation>1</Operation>
                    </Platform>
                    <Platform Name="iOSDevice32">
                        <RemoteDir>..\</RemoteDir>
                        <Operation>1</Operation>
                    </Platform>
                </DeployClass>
                <DeployClass Name="Android_LauncherIcon72">
                    <Platform Name="Android">
                        <RemoteDir>res\drawable-hdpi</RemoteDir>
                        <Operation>1</Operation>
                    </Platform>
                </DeployClass>
                <DeployClass Name="AndroidGDBServer">
                    <Platform Name="Android">
                        <RemoteDir>library\lib\armeabi-v7a</RemoteDir>
                        <Operation>1</Operation>
                    </Platform>
                </DeployClass>
                <DeployClass Name="ProjectOSXInfoPList">
                    <Platform Name="OSX32">
                        <RemoteDir>Contents</RemoteDir>
                        <Operation>1</Operation>
                    </Platform>
                </DeployClass>
                <DeployClass Name="ProjectOSXEntitlements">
                    <Platform Name="OSX32">
                        <RemoteDir>..\</RemoteDir>
                        <Operation>1</Operation>
                    </Platform>
                </DeployClass>
                <DeployClass Name="UWP_DelphiLogo150">
                    <Platform Name="Win32">
                        <RemoteDir>Assets</RemoteDir>
                        <Operation>1</Operation>
                    </Platform>
                    <Platform Name="Win64">
                        <RemoteDir>Assets</RemoteDir>
                        <Operation>1</Operation>
                    </Platform>
                </DeployClass>
                <DeployClass Name="iPad_Launch2048">
                    <Platform Name="iOSSimulator">
                        <Operation>1</Operation>
                    </Platform>
                    <Platform Name="iOSDevice64">
                        <Operation>1</Operation>
                    </Platform>
                    <Platform Name="iOSDevice32">
                        <Operation>1</Operation>
                    </Platform>
                </DeployClass>
                <DeployClass Name="AndroidSplashStyles">
                    <Platform Name="Android">
                        <RemoteDir>res\values</RemoteDir>
                        <Operation>1</Operation>
                    </Platform>
                </DeployClass>
                <DeployClass Name="Android_SplashImage426">
                    <Platform Name="Android">
                        <RemoteDir>res\drawable-small</RemoteDir>
                        <Operation>1</Operation>
                    </Platform>
                </DeployClass>
                <DeployClass Name="AndroidSplashImageDef">
                    <Platform Name="Android">
                        <RemoteDir>res\drawable</RemoteDir>
                        <Operation>1</Operation>
                    </Platform>
                </DeployClass>
                <DeployClass Name="ProjectiOSResource">
                    <Platform Name="iOSSimulator">
                        <Operation>1</Operation>
                    </Platform>
                    <Platform Name="iOSDevice64">
                        <Operation>1</Operation>
                    </Platform>
                    <Platform Name="iOSDevice32">
                        <Operation>1</Operation>
                    </Platform>
                </DeployClass>
                <DeployClass Name="ProjectAndroidManifest">
                    <Platform Name="Android">
                        <Operation>1</Operation>
                    </Platform>
                </DeployClass>
                <DeployClass Name="Android_DefaultAppIcon">
                    <Platform Name="Android">
                        <RemoteDir>res\drawable</RemoteDir>
                        <Operation>1</Operation>
                    </Platform>
                </DeployClass>
                <DeployClass Name="File">
                    <Platform Name="Win32">
                        <Operation>0</Operation>
                    </Platform>
                    <Platform Name="iOSDevice64">
                        <Operation>0</Operation>
                    </Platform>
                    <Platform Name="OSX32">
                        <RemoteDir>Contents\Resources\StartUp\</RemoteDir>
                        <Operation>0</Operation>
                    </Platform>
                    <Platform Name="iOSDevice32">
                        <Operation>0</Operation>
                    </Platform>
                    <Platform Name="Android">
                        <Operation>0</Operation>
                    </Platform>
                    <Platform Name="iOSSimulator">
                        <Operation>0</Operation>
                    </Platform>
                </DeployClass>
                <DeployClass Name="AndroidServiceOutput">
                    <Platform Name="Android">
                        <RemoteDir>library\lib\armeabi-v7a</RemoteDir>
                        <Operation>1</Operation>
                    </Platform>
                </DeployClass>
                <DeployClass Required="true" Name="DependencyPackage">
                    <Platform Name="Win32">
                        <Operation>0</Operation>
                        <Extensions>.bpl</Extensions>
                    </Platform>
                    <Platform Name="iOSDevice64">
                        <Operation>1</Operation>
                        <Extensions>.dylib</Extensions>
                    </Platform>
                    <Platform Name="OSX32">
                        <RemoteDir>Contents\MacOS</RemoteDir>
                        <Operation>1</Operation>
                        <Extensions>.dylib</Extensions>
                    </Platform>
                    <Platform Name="iOSDevice32">
                        <Operation>1</Operation>
                        <Extensions>.dylib</Extensions>
                    </Platform>
                    <Platform Name="iOSSimulator">
                        <Operation>1</Operation>
                        <Extensions>.dylib</Extensions>
                    </Platform>
                </DeployClass>
                <DeployClass Name="Android_LauncherIcon48">
                    <Platform Name="Android">
                        <RemoteDir>res\drawable-mdpi</RemoteDir>
                        <Operation>1</Operation>
                    </Platform>
                </DeployClass>
                <DeployClass Name="Android_SplashImage960">
                    <Platform Name="Android">
                        <RemoteDir>res\drawable-xlarge</RemoteDir>
                        <Operation>1</Operation>
                    </Platform>
                </DeployClass>
                <DeployClass Name="Android_LauncherIcon36">
                    <Platform Name="Android">
                        <RemoteDir>res\drawable-ldpi</RemoteDir>
                        <Operation>1</Operation>
                    </Platform>
                </DeployClass>
                <DeployClass Name="ProjectiOSDeviceResourceRules">
                    <Platform Name="iOSDevice64">
                        <Operation>1</Operation>
                    </Platform>
                    <Platform Name="iOSDevice32">
                        <Operation>1</Operation>
                    </Platform>
                </DeployClass>
                <ProjectRoot Platform="iOSDevice64" Name="$(PROJECTNAME).app"/>
                <ProjectRoot Platform="Win64" Name="$(PROJECTNAME)"/>
                <ProjectRoot Platform="iOSDevice32" Name="$(PROJECTNAME).app"/>
                <ProjectRoot Platform="Linux64" Name="$(PROJECTNAME)"/>
                <ProjectRoot Platform="Win32" Name="$(PROJECTNAME)"/>
                <ProjectRoot Platform="OSX32" Name="$(PROJECTNAME).app"/>
                <ProjectRoot Platform="Android" Name="$(PROJECTNAME)"/>
                <ProjectRoot Platform="iOSSimulator" Name="$(PROJECTNAME).app"/>
            </Deployment>
            <Platforms>
                <Platform value="Android">False</Platform>
                <Platform value="iOSDevice32">False</Platform>
                <Platform value="iOSDevice64">False</Platform>
                <Platform value="iOSSimulator">False</Platform>
                <Platform value="OSX32">False</Platform>
                <Platform value="Win32">True</Platform>
                <Platform value="Win64">False</Platform>
            </Platforms>
        </BorlandProject>
        <ProjectFileVersion>12</ProjectFileVersion>
    </ProjectExtensions>
    <Import Project="$(BDS)\Bin\CodeGear.Delphi.Targets" Condition="Exists('$(BDS)\Bin\CodeGear.Delphi.Targets')"/>
    <Import Project="$(APPDATA)\Embarcadero\$(BDSAPPDATABASEDIR)\$(PRODUCTVERSION)\UserTools.proj" Condition="Exists('$(APPDATA)\Embarcadero\$(BDSAPPDATABASEDIR)\$(PRODUCTVERSION)\UserTools.proj')"/>
    <Import Project="$(MSBuildProjectName).deployproj" Condition="Exists('$(MSBuildProjectName).deployproj')"/>
</Project>
